{
  "name": "lloyal-sdk",
  "version": "1.1.0",
  "lockfileVersion": 3,
  "requires": true,
  "packages": {
    "": {
      "version": "1.1.0",
      "workspaces": [
        "packages/*"
      ],
      "devDependencies": {
        "@lloyal-labs/lloyal.node": "^2.1.0",
        "@types/node": "^25.3.0",
        "fast-check": "^4.7.0",
        "tsx": "^4.21.0",
        "typedoc": "^0.28.0",
        "typedoc-rhineai-theme": "^1.0.0",
        "typescript": "^5.9.3",
        "vitest": "^4.1.2"
      }
    },
    "node_modules/@esbuild/darwin-arm64": {
      "version": "0.27.4",
      "cpu": [
        "arm64"
      ],
      "dev": true,
      "license": "MIT",
      "optional": true,
      "os": [
        "darwin"
      ],
      "engines": {
        "node": ">=18"
      }
    },
    "node_modules/@gerrit0/mini-shiki": {
      "version": "3.23.0",
      "dev": true,
      "license": "MIT",
      "dependencies": {
        "@shikijs/engine-oniguruma": "^3.23.0",
        "@shikijs/langs": "^3.23.0",
        "@shikijs/themes": "^3.23.0",
        "@shikijs/types": "^3.23.0",
        "@shikijs/vscode-textmate": "^10.0.2"
      }
    },
    "node_modules/@jridgewell/sourcemap-codec": {
      "version": "1.5.5",
      "dev": true,
      "license": "MIT"
    },
    "node_modules/@lloyal-labs/lloyal-agents": {
      "resolved": "packages/agents",
      "link": true
    },
    "node_modules/@lloyal-labs/lloyal.node": {
      "version": "2.1.0",
      "resolved": "https://registry.npmjs.org/@lloyal-labs/lloyal.node/-/lloyal.node-2.1.0.tgz",
      "integrity": "sha512-IpeqQX3umDk+HP9mMYKCd1/JAD9vjjKCyNfaXz+GsJsMRExs7MT5JbA/UjAKCz1NWoS7Az2w0RhTktXsQjoxzA==",
      "license": "Apache-2.0",
      "dependencies": {
        "@lloyal-labs/tsampler": "^0.2.0",
        "node-addon-api": "^8.5.0"
      },
      "engines": {
        "node": ">=22.0.0"
      },
      "optionalDependencies": {
        "@lloyal-labs/lloyal.node-darwin-arm64": "2.1.0",
        "@lloyal-labs/lloyal.node-darwin-x64": "2.1.0",
        "@lloyal-labs/lloyal.node-linux-arm64": "2.1.0",
        "@lloyal-labs/lloyal.node-linux-arm64-cuda": "2.1.0",
        "@lloyal-labs/lloyal.node-linux-arm64-vulkan": "2.1.0",
        "@lloyal-labs/lloyal.node-linux-x64": "2.1.0",
        "@lloyal-labs/lloyal.node-linux-x64-cuda": "2.1.0",
        "@lloyal-labs/lloyal.node-linux-x64-vulkan": "2.1.0",
        "@lloyal-labs/lloyal.node-win32-arm64": "2.1.0",
        "@lloyal-labs/lloyal.node-win32-arm64-vulkan": "2.1.0",
        "@lloyal-labs/lloyal.node-win32-x64": "2.1.0",
        "@lloyal-labs/lloyal.node-win32-x64-cuda": "2.1.0",
        "@lloyal-labs/lloyal.node-win32-x64-vulkan": "2.1.0"
      },
      "peerDependencies": {
        "@lloyal-labs/lloyal-agents": ">=1.0.0",
        "@lloyal-labs/sdk": ">=1.0.0"
      }
    },
    "node_modules/@lloyal-labs/lloyal.node-darwin-arm64": {
      "version": "2.1.0",
      "resolved": "https://registry.npmjs.org/@lloyal-labs/lloyal.node-darwin-arm64/-/lloyal.node-darwin-arm64-2.1.0.tgz",
      "integrity": "sha512-MmGIHuc14zQfEugzeCsPH5ioIkfcUnzOCL0CXwsmCe7I6qM7aeVg21YQ5KZ6vdIf/1a/mS9VuTsTTqD2iCa9OA==",
      "cpu": [
        "arm64"
      ],
      "license": "Apache-2.0",
      "optional": true,
      "os": [
        "darwin"
      ]
    },
    "node_modules/@lloyal-labs/lloyal.node-darwin-x64": {
      "version": "2.1.0",
      "resolved": "https://registry.npmjs.org/@lloyal-labs/lloyal.node-darwin-x64/-/lloyal.node-darwin-x64-2.1.0.tgz",
      "integrity": "sha512-Adb08A38bPKEjHcZF7NW2Yv+1zz8H5d38AZCWqIssYXxmfr6nkk5cBAbGIcn1lg31ca+wSRA26Ueqxdl3Fd8ww==",
      "cpu": [
        "x64"
      ],
      "license": "Apache-2.0",
      "optional": true,
      "os": [
        "darwin"
      ]
    },
    "node_modules/@lloyal-labs/lloyal.node-linux-arm64": {
      "version": "2.1.0",
      "resolved": "https://registry.npmjs.org/@lloyal-labs/lloyal.node-linux-arm64/-/lloyal.node-linux-arm64-2.1.0.tgz",
      "integrity": "sha512-ci/X/OXkEQdVgn6Z6G6eJ7+TY+hY3RGa8BJfPFs8jbXbc0INDUyHYhWHIxc3IVtFil3BtkaNcNSTMR2DdCaY6w==",
      "cpu": [
        "arm64"
      ],
      "license": "Apache-2.0",
      "optional": true,
      "os": [
        "linux"
      ]
    },
    "node_modules/@lloyal-labs/lloyal.node-linux-arm64-cuda": {
      "version": "2.1.0",
      "resolved": "https://registry.npmjs.org/@lloyal-labs/lloyal.node-linux-arm64-cuda/-/lloyal.node-linux-arm64-cuda-2.1.0.tgz",
      "integrity": "sha512-DJyZWVc05LsYi06Wm7L3JjC66DedXCCvuqu/ukaO9pC491HptaDRp9y5gWJxuytPXDhtL6ZlbgLGq89EyB+BMg==",
      "cpu": [
        "arm64"
      ],
      "license": "Apache-2.0",
      "optional": true,
      "os": [
        "linux"
      ]
    },
    "node_modules/@lloyal-labs/lloyal.node-linux-arm64-vulkan": {
      "version": "2.1.0",
      "resolved": "https://registry.npmjs.org/@lloyal-labs/lloyal.node-linux-arm64-vulkan/-/lloyal.node-linux-arm64-vulkan-2.1.0.tgz",
      "integrity": "sha512-T+UfHEQXvfY5LLj6xyMUWcgyj2NdYK92xRkgQBnBTf18TgDadmZQnMGs3oC1Q0u7wynxzNl9w9QSbiGQgaGrBg==",
      "cpu": [
        "arm64"
      ],
      "license": "Apache-2.0",
      "optional": true,
      "os": [
        "linux"
      ]
    },
    "node_modules/@lloyal-labs/lloyal.node-linux-x64": {
      "version": "2.1.0",
      "resolved": "https://registry.npmjs.org/@lloyal-labs/lloyal.node-linux-x64/-/lloyal.node-linux-x64-2.1.0.tgz",
      "integrity": "sha512-VnIuNMQoKCckN+KxSc127hFE61HupuDc4r6j+hE9SLCWanHsrxe9b9OhykFTIm9Wez5D5nWSrStkIK2ul+Zk+Q==",
      "cpu": [
        "x64"
      ],
      "license": "Apache-2.0",
      "optional": true,
      "os": [
        "linux"
      ]
    },
    "node_modules/@lloyal-labs/lloyal.node-linux-x64-cuda": {
      "version": "2.1.0",
      "resolved": "https://registry.npmjs.org/@lloyal-labs/lloyal.node-linux-x64-cuda/-/lloyal.node-linux-x64-cuda-2.1.0.tgz",
      "integrity": "sha512-8nm7i87veXZ1+/+KmCs/xaNoaJnTUo+ar9as8j0GMM1PMfEUqSkjQ/f9fdUGLBDvbYfN/csuafRys5oSsMo2VA==",
      "cpu": [
        "x64"
      ],
      "license": "Apache-2.0",
      "optional": true,
      "os": [
        "linux"
      ]
    },
    "node_modules/@lloyal-labs/lloyal.node-linux-x64-vulkan": {
      "version": "2.1.0",
      "resolved": "https://registry.npmjs.org/@lloyal-labs/lloyal.node-linux-x64-vulkan/-/lloyal.node-linux-x64-vulkan-2.1.0.tgz",
      "integrity": "sha512-tC2GC1F/WYGpfYj9wFX5mxqcQ+xYga1p7RpOGgrQjAsKNoobFsqvykRRwfQCYxJmlcJTI6S5ulfambhiozXj0A==",
      "cpu": [
        "x64"
      ],
      "license": "Apache-2.0",
      "optional": true,
      "os": [
        "linux"
      ]
    },
    "node_modules/@lloyal-labs/lloyal.node-win32-arm64": {
      "version": "2.1.0",
      "resolved": "https://registry.npmjs.org/@lloyal-labs/lloyal.node-win32-arm64/-/lloyal.node-win32-arm64-2.1.0.tgz",
      "integrity": "sha512-/9Oy+ln5rCkmceA0R8jIANtNL2H5dunINTwQ2DxJgqyEzZr47IlBta2I/Bx2ratXlPYm/+k90UzqCB5UeizBXg==",
      "cpu": [
        "arm64"
      ],
      "license": "Apache-2.0",
      "optional": true,
      "os": [
        "win32"
      ]
    },
    "node_modules/@lloyal-labs/lloyal.node-win32-arm64-vulkan": {
      "version": "2.1.0",
      "resolved": "https://registry.npmjs.org/@lloyal-labs/lloyal.node-win32-arm64-vulkan/-/lloyal.node-win32-arm64-vulkan-2.1.0.tgz",
      "integrity": "sha512-zz1MIRAqStNyxo48StX1xstHnZbsHHr4G5drF3sRr6fUJ5OgR131vBbo/5VEW37+yOCgOmkoCtwcnHuaXb2d/g==",
      "cpu": [
        "arm64"
      ],
      "license": "Apache-2.0",
      "optional": true,
      "os": [
        "win32"
      ]
    },
    "node_modules/@lloyal-labs/lloyal.node-win32-x64": {
      "version": "2.1.0",
      "resolved": "https://registry.npmjs.org/@lloyal-labs/lloyal.node-win32-x64/-/lloyal.node-win32-x64-2.1.0.tgz",
      "integrity": "sha512-k1VHDsiofK2M3hTqhgJ+cgicI6ruJzJdai3vETYpsdNflm9ji1IP0RnyVw+ZtfWfn3F7P1ODPJefyq2tJBUZxg==",
      "cpu": [
        "x64"
      ],
      "license": "Apache-2.0",
      "optional": true,
      "os": [
        "win32"
      ]
    },
    "node_modules/@lloyal-labs/lloyal.node-win32-x64-cuda": {
      "version": "2.1.0",
      "resolved": "https://registry.npmjs.org/@lloyal-labs/lloyal.node-win32-x64-cuda/-/lloyal.node-win32-x64-cuda-2.1.0.tgz",
      "integrity": "sha512-cwDfwDvtYiwbwC4CcO07n/cKBrRZ/F3eKhKvp/UHveLBta+oqsDHO7avnRMIFX0qMUknZnZzxMAX5qulk9e0MA==",
      "cpu": [
        "x64"
      ],
      "license": "Apache-2.0",
      "optional": true,
      "os": [
        "win32"
      ]
    },
    "node_modules/@lloyal-labs/lloyal.node-win32-x64-vulkan": {
      "version": "2.1.0",
      "resolved": "https://registry.npmjs.org/@lloyal-labs/lloyal.node-win32-x64-vulkan/-/lloyal.node-win32-x64-vulkan-2.1.0.tgz",
      "integrity": "sha512-pY55SWYM8d/bK5Kshy6Jgs3euIbPDNxhzRebIhyWFqMERZymV3ytB3TBzv8vtquWxN4UioSKsw6436Nvw6fqAg==",
      "cpu": [
        "x64"
      ],
      "license": "Apache-2.0",
      "optional": true,
      "os": [
        "win32"
      ]
    },
    "node_modules/@lloyal-labs/rig": {
      "resolved": "packages/rig",
      "link": true
    },
    "node_modules/@lloyal-labs/sdk": {
      "resolved": "packages/sdk",
      "link": true
    },
    "node_modules/@lloyal-labs/tsampler": {
      "version": "0.2.0",
      "resolved": "https://registry.npmjs.org/@lloyal-labs/tsampler/-/tsampler-0.2.0.tgz",
      "integrity": "sha512-Kfs233gBJ7Sz3ncPv+hp1ZMDtbT3hihb+R7DDQ13b6lhyhxmc8Q/Of4AN+X0y3Ce3qAe9BGMJmeDPYOeLJdmbA==",
      "license": "Apache-2.0"
    },
    "node_modules/@mozilla/readability": {
      "version": "0.6.0",
      "license": "Apache-2.0",
      "engines": {
        "node": ">=14.0.0"
      }
    },
    "node_modules/@oxc-project/types": {
      "version": "0.122.0",
      "dev": true,
      "license": "MIT",
      "funding": {
        "url": "https://github.com/sponsors/Boshen"
      }
    },
    "node_modules/@rolldown/binding-darwin-arm64": {
      "version": "1.0.0-rc.12",
      "cpu": [
        "arm64"
      ],
      "dev": true,
      "license": "MIT",
      "optional": true,
      "os": [
        "darwin"
      ],
      "engines": {
        "node": "^20.19.0 || >=22.12.0"
      }
    },
    "node_modules/@rolldown/pluginutils": {
      "version": "1.0.0-rc.12",
      "dev": true,
      "license": "MIT"
    },
    "node_modules/@shikijs/engine-oniguruma": {
      "version": "3.23.0",
      "dev": true,
      "license": "MIT",
      "dependencies": {
        "@shikijs/types": "3.23.0",
        "@shikijs/vscode-textmate": "^10.0.2"
      }
    },
    "node_modules/@shikijs/langs": {
      "version": "3.23.0",
      "dev": true,
      "license": "MIT",
      "dependencies": {
        "@shikijs/types": "3.23.0"
      }
    },
    "node_modules/@shikijs/themes": {
      "version": "3.23.0",
      "dev": true,
      "license": "MIT",
      "dependencies": {
        "@shikijs/types": "3.23.0"
      }
    },
    "node_modules/@shikijs/types": {
      "version": "3.23.0",
      "dev": true,
      "license": "MIT",
      "dependencies": {
        "@shikijs/vscode-textmate": "^10.0.2",
        "@types/hast": "^3.0.4"
      }
    },
    "node_modules/@shikijs/vscode-textmate": {
      "version": "10.0.2",
      "dev": true,
      "license": "MIT"
    },
    "node_modules/@standard-schema/spec": {
      "version": "1.1.0",
      "dev": true,
      "license": "MIT"
    },
    "node_modules/@types/chai": {
      "version": "5.2.3",
      "dev": true,
      "license": "MIT",
      "dependencies": {
        "@types/deep-eql": "*",
        "assertion-error": "^2.0.1"
      }
    },
    "node_modules/@types/deep-eql": {
      "version": "4.0.2",
      "dev": true,
      "license": "MIT"
    },
    "node_modules/@types/estree": {
      "version": "1.0.8",
      "dev": true,
      "license": "MIT"
    },
    "node_modules/@types/hast": {
      "version": "3.0.4",
      "dev": true,
      "license": "MIT",
      "dependencies": {
        "@types/unist": "*"
      }
    },
    "node_modules/@types/node": {
      "version": "25.5.0",
      "dev": true,
      "license": "MIT",
      "dependencies": {
        "undici-types": "~7.18.0"
      }
    },
    "node_modules/@types/unist": {
      "version": "3.0.3",
      "dev": true,
      "license": "MIT"
    },
    "node_modules/@vitest/expect": {
      "version": "4.1.2",
      "dev": true,
      "license": "MIT",
      "dependencies": {
        "@standard-schema/spec": "^1.1.0",
        "@types/chai": "^5.2.2",
        "@vitest/spy": "4.1.2",
        "@vitest/utils": "4.1.2",
        "chai": "^6.2.2",
        "tinyrainbow": "^3.1.0"
      },
      "funding": {
        "url": "https://opencollective.com/vitest"
      }
    },
    "node_modules/@vitest/mocker": {
      "version": "4.1.2",
      "dev": true,
      "license": "MIT",
      "dependencies": {
        "@vitest/spy": "4.1.2",
        "estree-walker": "^3.0.3",
        "magic-string": "^0.30.21"
      },
      "funding": {
        "url": "https://opencollective.com/vitest"
      },
      "peerDependencies": {
        "msw": "^2.4.9",
        "vite": "^6.0.0 || ^7.0.0 || ^8.0.0"
      },
      "peerDependenciesMeta": {
        "msw": {
          "optional": true
        },
        "vite": {
          "optional": true
        }
      }
    },
    "node_modules/@vitest/pretty-format": {
      "version": "4.1.2",
      "dev": true,
      "license": "MIT",
      "dependencies": {
        "tinyrainbow": "^3.1.0"
      },
      "funding": {
        "url": "https://opencollective.com/vitest"
      }
    },
    "node_modules/@vitest/runner": {
      "version": "4.1.2",
      "dev": true,
      "license": "MIT",
      "dependencies": {
        "@vitest/utils": "4.1.2",
        "pathe": "^2.0.3"
      },
      "funding": {
        "url": "https://opencollective.com/vitest"
      }
    },
    "node_modules/@vitest/snapshot": {
      "version": "4.1.2",
      "dev": true,
      "license": "MIT",
      "dependencies": {
        "@vitest/pretty-format": "4.1.2",
        "@vitest/utils": "4.1.2",
        "magic-string": "^0.30.21",
        "pathe": "^2.0.3"
      },
      "funding": {
        "url": "https://opencollective.com/vitest"
      }
    },
    "node_modules/@vitest/spy": {
      "version": "4.1.2",
      "dev": true,
      "license": "MIT",
      "funding": {
        "url": "https://opencollective.com/vitest"
      }
    },
    "node_modules/@vitest/utils": {
      "version": "4.1.2",
      "dev": true,
      "license": "MIT",
      "dependencies": {
        "@vitest/pretty-format": "4.1.2",
        "convert-source-map": "^2.0.0",
        "tinyrainbow": "^3.1.0"
      },
      "funding": {
        "url": "https://opencollective.com/vitest"
      }
    },
    "node_modules/argparse": {
      "version": "2.0.1",
      "dev": true,
      "license": "Python-2.0"
    },
    "node_modules/assertion-error": {
      "version": "2.0.1",
      "dev": true,
      "license": "MIT",
      "engines": {
        "node": ">=12"
      }
    },
    "node_modules/balanced-match": {
      "version": "4.0.4",
      "dev": true,
      "license": "MIT",
      "engines": {
        "node": "18 || 20 || >=22"
      }
    },
    "node_modules/boolbase": {
      "version": "1.0.0",
      "license": "ISC"
    },
    "node_modules/brace-expansion": {
      "version": "5.0.5",
      "dev": true,
      "license": "MIT",
      "dependencies": {
        "balanced-match": "^4.0.2"
      },
      "engines": {
        "node": "18 || 20 || >=22"
      }
    },
    "node_modules/chai": {
      "version": "6.2.2",
      "dev": true,
      "license": "MIT",
      "engines": {
        "node": ">=18"
      }
    },
    "node_modules/convert-source-map": {
      "version": "2.0.0",
      "dev": true,
      "license": "MIT"
    },
    "node_modules/css-select": {
      "version": "5.2.2",
      "license": "BSD-2-Clause",
      "dependencies": {
        "boolbase": "^1.0.0",
        "css-what": "^6.1.0",
        "domhandler": "^5.0.2",
        "domutils": "^3.0.1",
        "nth-check": "^2.0.1"
      },
      "funding": {
        "url": "https://github.com/sponsors/fb55"
      }
    },
    "node_modules/css-what": {
      "version": "6.2.2",
      "license": "BSD-2-Clause",
      "engines": {
        "node": ">= 6"
      },
      "funding": {
        "url": "https://github.com/sponsors/fb55"
      }
    },
    "node_modules/cssom": {
      "version": "0.5.0",
      "license": "MIT"
    },
    "node_modules/detect-libc": {
      "version": "2.1.2",
      "dev": true,
      "license": "Apache-2.0",
      "engines": {
        "node": ">=8"
      }
    },
    "node_modules/dom-serializer": {
      "version": "2.0.0",
      "license": "MIT",
      "dependencies": {
        "domelementtype": "^2.3.0",
        "domhandler": "^5.0.2",
        "entities": "^4.2.0"
      },
      "funding": {
        "url": "https://github.com/cheeriojs/dom-serializer?sponsor=1"
      }
    },
    "node_modules/domelementtype": {
      "version": "2.3.0",
      "funding": [
        {
          "type": "github",
          "url": "https://github.com/sponsors/fb55"
        }
      ],
      "license": "BSD-2-Clause"
    },
    "node_modules/domhandler": {
      "version": "5.0.3",
      "license": "BSD-2-Clause",
      "dependencies": {
        "domelementtype": "^2.3.0"
      },
      "engines": {
        "node": ">= 4"
      },
      "funding": {
        "url": "https://github.com/fb55/domhandler?sponsor=1"
      }
    },
    "node_modules/domutils": {
      "version": "3.2.2",
      "license": "BSD-2-Clause",
      "dependencies": {
        "dom-serializer": "^2.0.0",
        "domelementtype": "^2.3.0",
        "domhandler": "^5.0.3"
      },
      "funding": {
        "url": "https://github.com/fb55/domutils?sponsor=1"
      }
    },
    "node_modules/effection": {
      "version": "4.0.2",
      "license": "MIT",
      "engines": {
        "node": ">= 16"
      }
    },
    "node_modules/entities": {
      "version": "4.5.0",
      "license": "BSD-2-Clause",
      "engines": {
        "node": ">=0.12"
      },
      "funding": {
        "url": "https://github.com/fb55/entities?sponsor=1"
      }
    },
    "node_modules/es-module-lexer": {
      "version": "2.0.0",
      "dev": true,
      "license": "MIT"
    },
    "node_modules/esbuild": {
      "version": "0.27.4",
      "dev": true,
      "hasInstallScript": true,
      "license": "MIT",
      "bin": {
        "esbuild": "bin/esbuild"
      },
      "engines": {
        "node": ">=18"
      },
      "optionalDependencies": {
        "@esbuild/aix-ppc64": "0.27.4",
        "@esbuild/android-arm": "0.27.4",
        "@esbuild/android-arm64": "0.27.4",
        "@esbuild/android-x64": "0.27.4",
        "@esbuild/darwin-arm64": "0.27.4",
        "@esbuild/darwin-x64": "0.27.4",
        "@esbuild/freebsd-arm64": "0.27.4",
        "@esbuild/freebsd-x64": "0.27.4",
        "@esbuild/linux-arm": "0.27.4",
        "@esbuild/linux-arm64": "0.27.4",
        "@esbuild/linux-ia32": "0.27.4",
        "@esbuild/linux-loong64": "0.27.4",
        "@esbuild/linux-mips64el": "0.27.4",
        "@esbuild/linux-ppc64": "0.27.4",
        "@esbuild/linux-riscv64": "0.27.4",
        "@esbuild/linux-s390x": "0.27.4",
        "@esbuild/linux-x64": "0.27.4",
        "@esbuild/netbsd-arm64": "0.27.4",
        "@esbuild/netbsd-x64": "0.27.4",
        "@esbuild/openbsd-arm64": "0.27.4",
        "@esbuild/openbsd-x64": "0.27.4",
        "@esbuild/openharmony-arm64": "0.27.4",
        "@esbuild/sunos-x64": "0.27.4",
        "@esbuild/win32-arm64": "0.27.4",
        "@esbuild/win32-ia32": "0.27.4",
        "@esbuild/win32-x64": "0.27.4"
      }
    },
    "node_modules/estree-walker": {
      "version": "3.0.3",
      "dev": true,
      "license": "MIT",
      "dependencies": {
        "@types/estree": "^1.0.0"
      }
    },
    "node_modules/eta": {
      "version": "4.5.1",
      "license": "MIT",
      "engines": {
        "node": ">=20"
      },
      "funding": {
        "url": "https://github.com/bgub/eta?sponsor=1"
      }
    },
    "node_modules/expect-type": {
      "version": "1.3.0",
      "dev": true,
      "license": "Apache-2.0",
      "engines": {
        "node": ">=12.0.0"
      }
    },
    "node_modules/fast-check": {
      "version": "4.7.0",
      "resolved": "https://registry.npmjs.org/fast-check/-/fast-check-4.7.0.tgz",
      "integrity": "sha512-NsZRtqvSSoCP0HbNjUD+r1JH8zqZalyp6gLY9e7OYs7NK9b6AHOs2baBFeBG7bVNsuoukh89x2Yg3rPsul8ziQ==",
      "dev": true,
      "funding": [
        {
          "type": "individual",
          "url": "https://github.com/sponsors/dubzzz"
        },
        {
          "type": "opencollective",
          "url": "https://opencollective.com/fast-check"
        }
      ],
      "license": "MIT",
      "dependencies": {
        "pure-rand": "^8.0.0"
      },
      "engines": {
        "node": ">=12.17.0"
      }
    },
    "node_modules/fdir": {
      "version": "6.5.0",
      "dev": true,
      "license": "MIT",
      "engines": {
        "node": ">=12.0.0"
      },
      "peerDependencies": {
        "picomatch": "^3 || ^4"
      },
      "peerDependenciesMeta": {
        "picomatch": {
          "optional": true
        }
      }
    },
    "node_modules/fsevents": {
      "version": "2.3.3",
      "dev": true,
      "license": "MIT",
      "optional": true,
      "os": [
        "darwin"
      ],
      "engines": {
        "node": "^8.16.0 || ^10.6.0 || >=11.0.0"
      }
    },
    "node_modules/get-tsconfig": {
      "version": "4.13.7",
      "dev": true,
      "license": "MIT",
      "dependencies": {
        "resolve-pkg-maps": "^1.0.0"
      },
      "funding": {
        "url": "https://github.com/privatenumber/get-tsconfig?sponsor=1"
      }
    },
    "node_modules/html-escaper": {
      "version": "3.0.3",
      "license": "MIT"
    },
    "node_modules/htmlparser2": {
      "version": "10.1.0",
      "funding": [
        "https://github.com/fb55/htmlparser2?sponsor=1",
        {
          "type": "github",
          "url": "https://github.com/sponsors/fb55"
        }
      ],
      "license": "MIT",
      "dependencies": {
        "domelementtype": "^2.3.0",
        "domhandler": "^5.0.3",
        "domutils": "^3.2.2",
        "entities": "^7.0.1"
      }
    },
    "node_modules/htmlparser2/node_modules/entities": {
      "version": "7.0.1",
      "license": "BSD-2-Clause",
      "engines": {
        "node": ">=0.12"
      },
      "funding": {
        "url": "https://github.com/fb55/entities?sponsor=1"
      }
    },
    "node_modules/lightningcss": {
      "version": "1.32.0",
      "dev": true,
      "license": "MPL-2.0",
      "dependencies": {
        "detect-libc": "^2.0.3"
      },
      "engines": {
        "node": ">= 12.0.0"
      },
      "funding": {
        "type": "opencollective",
        "url": "https://opencollective.com/parcel"
      },
      "optionalDependencies": {
        "lightningcss-android-arm64": "1.32.0",
        "lightningcss-darwin-arm64": "1.32.0",
        "lightningcss-darwin-x64": "1.32.0",
        "lightningcss-freebsd-x64": "1.32.0",
        "lightningcss-linux-arm-gnueabihf": "1.32.0",
        "lightningcss-linux-arm64-gnu": "1.32.0",
        "lightningcss-linux-arm64-musl": "1.32.0",
        "lightningcss-linux-x64-gnu": "1.32.0",
        "lightningcss-linux-x64-musl": "1.32.0",
        "lightningcss-win32-arm64-msvc": "1.32.0",
        "lightningcss-win32-x64-msvc": "1.32.0"
      }
    },
    "node_modules/lightningcss-darwin-arm64": {
      "version": "1.32.0",
      "cpu": [
        "arm64"
      ],
      "dev": true,
      "license": "MPL-2.0",
      "optional": true,
      "os": [
        "darwin"
      ],
      "engines": {
        "node": ">= 12.0.0"
      },
      "funding": {
        "type": "opencollective",
        "url": "https://opencollective.com/parcel"
      }
    },
    "node_modules/linkedom": {
      "version": "0.18.12",
      "license": "ISC",
      "dependencies": {
        "css-select": "^5.1.0",
        "cssom": "^0.5.0",
        "html-escaper": "^3.0.3",
        "htmlparser2": "^10.0.0",
        "uhyphen": "^0.2.0"
      },
      "engines": {
        "node": ">=16"
      },
      "peerDependencies": {
        "canvas": ">= 2"
      },
      "peerDependenciesMeta": {
        "canvas": {
          "optional": true
        }
      }
    },
    "node_modules/linkify-it": {
      "version": "5.0.0",
      "dev": true,
      "license": "MIT",
      "dependencies": {
        "uc.micro": "^2.0.0"
      }
    },
    "node_modules/lunr": {
      "version": "2.3.9",
      "dev": true,
      "license": "MIT"
    },
    "node_modules/magic-string": {
      "version": "0.30.21",
      "dev": true,
      "license": "MIT",
      "dependencies": {
        "@jridgewell/sourcemap-codec": "^1.5.5"
      }
    },
    "node_modules/markdown-it": {
      "version": "14.1.1",
      "dev": true,
      "license": "MIT",
      "dependencies": {
        "argparse": "^2.0.1",
        "entities": "^4.4.0",
        "linkify-it": "^5.0.0",
        "mdurl": "^2.0.0",
        "punycode.js": "^2.3.1",
        "uc.micro": "^2.1.0"
      },
      "bin": {
        "markdown-it": "bin/markdown-it.mjs"
      }
    },
    "node_modules/mdurl": {
      "version": "2.0.0",
      "dev": true,
      "license": "MIT"
    },
    "node_modules/minimatch": {
      "version": "10.2.4",
      "dev": true,
      "license": "BlueOak-1.0.0",
      "dependencies": {
        "brace-expansion": "^5.0.2"
      },
      "engines": {
        "node": "18 || 20 || >=22"
      },
      "funding": {
        "url": "https://github.com/sponsors/isaacs"
      }
    },
    "node_modules/nanoid": {
      "version": "3.3.11",
      "dev": true,
      "funding": [
        {
          "type": "github",
          "url": "https://github.com/sponsors/ai"
        }
      ],
      "license": "MIT",
      "bin": {
        "nanoid": "bin/nanoid.cjs"
      },
      "engines": {
        "node": "^10 || ^12 || ^13.7 || ^14 || >=15.0.1"
      }
    },
    "node_modules/node-addon-api": {
      "version": "8.7.0",
      "resolved": "https://registry.npmjs.org/node-addon-api/-/node-addon-api-8.7.0.tgz",
      "integrity": "sha512-9MdFxmkKaOYVTV+XVRG8ArDwwQ77XIgIPyKASB1k3JPq3M8fGQQQE3YpMOrKm6g//Ktx8ivZr8xo1Qmtqub+GA==",
      "license": "MIT",
      "engines": {
        "node": "^18 || ^20 || >= 21"
      }
    },
    "node_modules/nth-check": {
      "version": "2.1.1",
      "license": "BSD-2-Clause",
      "dependencies": {
        "boolbase": "^1.0.0"
      },
      "funding": {
        "url": "https://github.com/fb55/nth-check?sponsor=1"
      }
    },
    "node_modules/obug": {
      "version": "2.1.1",
      "dev": true,
      "funding": [
        "https://github.com/sponsors/sxzz",
        "https://opencollective.com/debug"
      ],
      "license": "MIT"
    },
    "node_modules/pathe": {
      "version": "2.0.3",
      "dev": true,
      "license": "MIT"
    },
    "node_modules/picocolors": {
      "version": "1.1.1",
      "dev": true,
      "license": "ISC"
    },
    "node_modules/picomatch": {
      "version": "4.0.4",
      "dev": true,
      "license": "MIT",
      "engines": {
        "node": ">=12"
      },
      "funding": {
        "url": "https://github.com/sponsors/jonschlinkert"
      }
    },
    "node_modules/postcss": {
      "version": "8.5.8",
      "dev": true,
      "funding": [
        {
          "type": "opencollective",
          "url": "https://opencollective.com/postcss/"
        },
        {
          "type": "tidelift",
          "url": "https://tidelift.com/funding/github/npm/postcss"
        },
        {
          "type": "github",
          "url": "https://github.com/sponsors/ai"
        }
      ],
      "license": "MIT",
      "dependencies": {
        "nanoid": "^3.3.11",
        "picocolors": "^1.1.1",
        "source-map-js": "^1.2.1"
      },
      "engines": {
        "node": "^10 || ^12 || >=14"
      }
    },
    "node_modules/punycode.js": {
      "version": "2.3.1",
      "dev": true,
      "license": "MIT",
      "engines": {
        "node": ">=6"
      }
    },
    "node_modules/pure-rand": {
      "version": "8.4.0",
      "resolved": "https://registry.npmjs.org/pure-rand/-/pure-rand-8.4.0.tgz",
      "integrity": "sha512-IoM8YF/jY0hiugFo/wOWqfmarlE6J0wc6fDK1PhftMk7MGhVZl88sZimmqBBFomLOCSmcCCpsfj7wXASCpvK9A==",
      "dev": true,
      "funding": [
        {
          "type": "individual",
          "url": "https://github.com/sponsors/dubzzz"
        },
        {
          "type": "opencollective",
          "url": "https://opencollective.com/fast-check"
        }
      ],
      "license": "MIT"
    },
    "node_modules/resolve-pkg-maps": {
      "version": "1.0.0",
      "dev": true,
      "license": "MIT",
      "funding": {
        "url": "https://github.com/privatenumber/resolve-pkg-maps?sponsor=1"
      }
    },
    "node_modules/rolldown": {
      "version": "1.0.0-rc.12",
      "dev": true,
      "license": "MIT",
      "dependencies": {
        "@oxc-project/types": "=0.122.0",
        "@rolldown/pluginutils": "1.0.0-rc.12"
      },
      "bin": {
        "rolldown": "bin/cli.mjs"
      },
      "engines": {
        "node": "^20.19.0 || >=22.12.0"
      },
      "optionalDependencies": {
        "@rolldown/binding-android-arm64": "1.0.0-rc.12",
        "@rolldown/binding-darwin-arm64": "1.0.0-rc.12",
        "@rolldown/binding-darwin-x64": "1.0.0-rc.12",
        "@rolldown/binding-freebsd-x64": "1.0.0-rc.12",
        "@rolldown/binding-linux-arm-gnueabihf": "1.0.0-rc.12",
        "@rolldown/binding-linux-arm64-gnu": "1.0.0-rc.12",
        "@rolldown/binding-linux-arm64-musl": "1.0.0-rc.12",
        "@rolldown/binding-linux-ppc64-gnu": "1.0.0-rc.12",
        "@rolldown/binding-linux-s390x-gnu": "1.0.0-rc.12",
        "@rolldown/binding-linux-x64-gnu": "1.0.0-rc.12",
        "@rolldown/binding-linux-x64-musl": "1.0.0-rc.12",
        "@rolldown/binding-openharmony-arm64": "1.0.0-rc.12",
        "@rolldown/binding-wasm32-wasi": "1.0.0-rc.12",
        "@rolldown/binding-win32-arm64-msvc": "1.0.0-rc.12",
        "@rolldown/binding-win32-x64-msvc": "1.0.0-rc.12"
      }
    },
    "node_modules/siginfo": {
      "version": "2.0.0",
      "dev": true,
      "license": "ISC"
    },
    "node_modules/source-map-js": {
      "version": "1.2.1",
      "dev": true,
      "license": "BSD-3-Clause",
      "engines": {
        "node": ">=0.10.0"
      }
    },
    "node_modules/stackback": {
      "version": "0.0.2",
      "dev": true,
      "license": "MIT"
    },
    "node_modules/std-env": {
      "version": "4.0.0",
      "dev": true,
      "license": "MIT"
    },
    "node_modules/tinybench": {
      "version": "2.9.0",
      "dev": true,
      "license": "MIT"
    },
    "node_modules/tinyexec": {
      "version": "1.0.4",
      "dev": true,
      "license": "MIT",
      "engines": {
        "node": ">=18"
      }
    },
    "node_modules/tinyglobby": {
      "version": "0.2.15",
      "dev": true,
      "license": "MIT",
      "dependencies": {
        "fdir": "^6.5.0",
        "picomatch": "^4.0.3"
      },
      "engines": {
        "node": ">=12.0.0"
      },
      "funding": {
        "url": "https://github.com/sponsors/SuperchupuDev"
      }
    },
    "node_modules/tinyrainbow": {
      "version": "3.1.0",
      "dev": true,
      "license": "MIT",
      "engines": {
        "node": ">=14.0.0"
      }
    },
    "node_modules/tsx": {
      "version": "4.21.0",
      "dev": true,
      "license": "MIT",
      "dependencies": {
        "esbuild": "~0.27.0",
        "get-tsconfig": "^4.7.5"
      },
      "bin": {
        "tsx": "dist/cli.mjs"
      },
      "engines": {
        "node": ">=18.0.0"
      },
      "optionalDependencies": {
        "fsevents": "~2.3.3"
      }
    },
    "node_modules/typedoc": {
      "version": "0.28.18",
      "dev": true,
      "license": "Apache-2.0",
      "dependencies": {
        "@gerrit0/mini-shiki": "^3.23.0",
        "lunr": "^2.3.9",
        "markdown-it": "^14.1.1",
        "minimatch": "^10.2.4",
        "yaml": "^2.8.2"
      },
      "bin": {
        "typedoc": "bin/typedoc"
      },
      "engines": {
        "node": ">= 18",
        "pnpm": ">= 10"
      },
      "peerDependencies": {
        "typescript": "5.0.x || 5.1.x || 5.2.x || 5.3.x || 5.4.x || 5.5.x || 5.6.x || 5.7.x || 5.8.x || 5.9.x || 6.0.x"
      }
    },
    "node_modules/typedoc-rhineai-theme": {
      "version": "1.2.0",
      "dev": true,
      "license": "MIT",
      "engines": {
        "node": ">=18.0.0"
      },
      "peerDependencies": {
        "typedoc": "~0.28.15"
      }
    },
    "node_modules/typescript": {
      "version": "5.9.3",
      "dev": true,
      "license": "Apache-2.0",
      "bin": {
        "tsc": "bin/tsc",
        "tsserver": "bin/tsserver"
      },
      "engines": {
        "node": ">=14.17"
      }
    },
    "node_modules/uc.micro": {
      "version": "2.1.0",
      "dev": true,
      "license": "MIT"
    },
    "node_modules/uhyphen": {
      "version": "0.2.0",
      "license": "ISC"
    },
    "node_modules/undici-types": {
      "version": "7.18.2",
      "dev": true,
      "license": "MIT"
    },
    "node_modules/vite": {
      "version": "8.0.3",
      "dev": true,
      "license": "MIT",
      "dependencies": {
        "lightningcss": "^1.32.0",
        "picomatch": "^4.0.4",
        "postcss": "^8.5.8",
        "rolldown": "1.0.0-rc.12",
        "tinyglobby": "^0.2.15"
      },
      "bin": {
        "vite": "bin/vite.js"
      },
      "engines": {
        "node": "^20.19.0 || >=22.12.0"
      },
      "funding": {
        "url": "https://github.com/vitejs/vite?sponsor=1"
      },
      "optionalDependencies": {
        "fsevents": "~2.3.3"
      },
      "peerDependencies": {
        "@types/node": "^20.19.0 || >=22.12.0",
        "@vitejs/devtools": "^0.1.0",
        "esbuild": "^0.27.0",
        "jiti": ">=1.21.0",
        "less": "^4.0.0",
        "sass": "^1.70.0",
        "sass-embedded": "^1.70.0",
        "stylus": ">=0.54.8",
        "sugarss": "^5.0.0",
        "terser": "^5.16.0",
        "tsx": "^4.8.1",
        "yaml": "^2.4.2"
      },
      "peerDependenciesMeta": {
        "@types/node": {
          "optional": true
        },
        "@vitejs/devtools": {
          "optional": true
        },
        "esbuild": {
          "optional": true
        },
        "jiti": {
          "optional": true
        },
        "less": {
          "optional": true
        },
        "sass": {
          "optional": true
        },
        "sass-embedded": {
          "optional": true
        },
        "stylus": {
          "optional": true
        },
        "sugarss": {
          "optional": true
        },
        "terser": {
          "optional": true
        },
        "tsx": {
          "optional": true
        },
        "yaml": {
          "optional": true
        }
      }
    },
    "node_modules/vitest": {
      "version": "4.1.2",
      "dev": true,
      "license": "MIT",
      "dependencies": {
        "@vitest/expect": "4.1.2",
        "@vitest/mocker": "4.1.2",
        "@vitest/pretty-format": "4.1.2",
        "@vitest/runner": "4.1.2",
        "@vitest/snapshot": "4.1.2",
        "@vitest/spy": "4.1.2",
        "@vitest/utils": "4.1.2",
        "es-module-lexer": "^2.0.0",
        "expect-type": "^1.3.0",
        "magic-string": "^0.30.21",
        "obug": "^2.1.1",
        "pathe": "^2.0.3",
        "picomatch": "^4.0.3",
        "std-env": "^4.0.0-rc.1",
        "tinybench": "^2.9.0",
        "tinyexec": "^1.0.2",
        "tinyglobby": "^0.2.15",
        "tinyrainbow": "^3.1.0",
        "vite": "^6.0.0 || ^7.0.0 || ^8.0.0",
        "why-is-node-running": "^2.3.0"
      },
      "bin": {
        "vitest": "vitest.mjs"
      },
      "engines": {
        "node": "^20.0.0 || ^22.0.0 || >=24.0.0"
      },
      "funding": {
        "url": "https://opencollective.com/vitest"
      },
      "peerDependencies": {
        "@edge-runtime/vm": "*",
        "@opentelemetry/api": "^1.9.0",
        "@types/node": "^20.0.0 || ^22.0.0 || >=24.0.0",
        "@vitest/browser-playwright": "4.1.2",
        "@vitest/browser-preview": "4.1.2",
        "@vitest/browser-webdriverio": "4.1.2",
        "@vitest/ui": "4.1.2",
        "happy-dom": "*",
        "jsdom": "*",
        "vite": "^6.0.0 || ^7.0.0 || ^8.0.0"
      },
      "peerDependenciesMeta": {
        "@edge-runtime/vm": {
          "optional": true
        },
        "@opentelemetry/api": {
          "optional": true
        },
        "@types/node": {
          "optional": true
        },
        "@vitest/browser-playwright": {
          "optional": true
        },
        "@vitest/browser-preview": {
          "optional": true
        },
        "@vitest/browser-webdriverio": {
          "optional": true
        },
        "@vitest/ui": {
          "optional": true
        },
        "happy-dom": {
          "optional": true
        },
        "jsdom": {
          "optional": true
        },
        "vite": {
          "optional": false
        }
      }
    },
    "node_modules/why-is-node-running": {
      "version": "2.3.0",
      "dev": true,
      "license": "MIT",
      "dependencies": {
        "siginfo": "^2.0.0",
        "stackback": "0.0.2"
      },
      "bin": {
        "why-is-node-running": "cli.js"
      },
      "engines": {
        "node": ">=8"
      }
    },
    "node_modules/yaml": {
      "version": "2.8.3",
      "dev": true,
      "license": "ISC",
      "bin": {
        "yaml": "bin.mjs"
      },
      "engines": {
        "node": ">= 14.6"
      },
      "funding": {
        "url": "https://github.com/sponsors/eemeli"
      }
    },
    "packages/agents": {
      "name": "@lloyal-labs/lloyal-agents",
      "version": "1.7.0",
      "license": "Apache-2.0",
      "dependencies": {
        "@lloyal-labs/sdk": "^1.7.0",
        "effection": "^4.0.2",
        "eta": "^4.5.1"
      }
    },
    "packages/rig": {
      "name": "@lloyal-labs/rig",
      "version": "1.7.0",
      "license": "Apache-2.0",
      "dependencies": {
        "@lloyal-labs/lloyal-agents": "^1.7.0",
        "@lloyal-labs/sdk": "^1.7.0",
        "@mozilla/readability": "^0.6.0",
        "effection": "^4.0.2",
        "linkedom": "^0.18.12"
      },
      "peerDependencies": {
        "@lloyal-labs/lloyal.node": "^2.1.0"
      }
    },
    "packages/sdk": {
      "name": "@lloyal-labs/sdk",
      "version": "1.7.0",
      "license": "Apache-2.0"
    }
  }
}
